// !$*UTF8*$!
{
	archiveVersion = 1;
	classes = {
	};
	objectVersion = 55;
	objects = {

/* Begin PBXBuildFile section */
		B503DBAC27FA01FA00B7E901 /* TheMonthlyExpenseTrackerApp.swift in Sources */ = {isa = PBXBuildFile; fileRef = B503DBAB27FA01FA00B7E901 /* TheMonthlyExpenseTrackerApp.swift */; };
		B503DBAE27FA01FA00B7E901 /* LoginView.swift in Sources */ = {isa = PBXBuildFile; fileRef = B503DBAD27FA01FA00B7E901 /* LoginView.swift */; };
		B503DBB027FA01FD00B7E901 /* Assets.xcassets in Resources */ = {isa = PBXBuildFile; fileRef = B503DBAF27FA01FD00B7E901 /* Assets.xcassets */; };
		B503DBB327FA01FD00B7E901 /* Preview Assets.xcassets in Resources */ = {isa = PBXBuildFile; fileRef = B503DBB227FA01FD00B7E901 /* Preview Assets.xcassets */; };
		B50B517C27FE024700CC3008 /* AccountView.swift in Sources */ = {isa = PBXBuildFile; fileRef = B50B517B27FE024700CC3008 /* AccountView.swift */; };
		B51A92FE27FE3DEE00E25A1D /* AccountViewModel.swift in Sources */ = {isa = PBXBuildFile; fileRef = B51A92FD27FE3DEE00E25A1D /* AccountViewModel.swift */; };
		B51A930027FE3E6200E25A1D /* AccountService.swift in Sources */ = {isa = PBXBuildFile; fileRef = B51A92FF27FE3E6200E25A1D /* AccountService.swift */; };
		B52CE8F0280526AC003764D1 /* SwiftKeychainWrapper in Frameworks */ = {isa = PBXBuildFile; productRef = B52CE8EF280526AC003764D1 /* SwiftKeychainWrapper */; };
		B52CE8F32805271B003764D1 /* KeychainService.swift in Sources */ = {isa = PBXBuildFile; fileRef = B52CE8F22805271B003764D1 /* KeychainService.swift */; };
		B54CF80427FA4DF500E1039F /* HomeView.swift in Sources */ = {isa = PBXBuildFile; fileRef = B54CF80327FA4DF500E1039F /* HomeView.swift */; };
		B54CF80827FBBBA000E1039F /* UserService.swift in Sources */ = {isa = PBXBuildFile; fileRef = B54CF80727FBBBA000E1039F /* UserService.swift */; };
		B56DEE8827FFFE20005A1957 /* GlobalFunctions.swift in Sources */ = {isa = PBXBuildFile; fileRef = B56DEE8727FFFE20005A1957 /* GlobalFunctions.swift */; };
		B579CB0B280657CB00CE7551 /* Biometric.swift in Sources */ = {isa = PBXBuildFile; fileRef = B579CB0A280657CB00CE7551 /* Biometric.swift */; };
		B587A49E27FDCBF3006DFC6D /* ServiceError.swift in Sources */ = {isa = PBXBuildFile; fileRef = B587A49D27FDCBF3006DFC6D /* ServiceError.swift */; };
		B587A4A027FDD435006DFC6D /* SetupViewModel.swift in Sources */ = {isa = PBXBuildFile; fileRef = B587A49F27FDD435006DFC6D /* SetupViewModel.swift */; };
		B5B37D4827FFB534006F3C2C /* TransactionView.swift in Sources */ = {isa = PBXBuildFile; fileRef = B5B37D4727FFB534006F3C2C /* TransactionView.swift */; };
		B5B37D4A27FFB5DA006F3C2C /* TransactionsService.swift in Sources */ = {isa = PBXBuildFile; fileRef = B5B37D4927FFB5DA006F3C2C /* TransactionsService.swift */; };
		B5B37D4C27FFD2AD006F3C2C /* TransactionViewModel.swift in Sources */ = {isa = PBXBuildFile; fileRef = B5B37D4B27FFD2AD006F3C2C /* TransactionViewModel.swift */; };
		B5B37D4E27FFD8AB006F3C2C /* TransactionRequest.swift in Sources */ = {isa = PBXBuildFile; fileRef = B5B37D4D27FFD8AB006F3C2C /* TransactionRequest.swift */; };
		B5BA356B27FA10630047973D /* UserRequest.swift in Sources */ = {isa = PBXBuildFile; fileRef = B5BA356A27FA10630047973D /* UserRequest.swift */; };
		B5BA357027FA1E400047973D /* AuthenticationViewModel.swift in Sources */ = {isa = PBXBuildFile; fileRef = B5BA356F27FA1E400047973D /* AuthenticationViewModel.swift */; };
		B5CA9E4F27FC9D210052CCA5 /* Webview.swift in Sources */ = {isa = PBXBuildFile; fileRef = B5CA9E4E27FC9D210052CCA5 /* Webview.swift */; };
		B5E6BF0128010F8400877A74 /* LaunchScreen.storyboard in Resources */ = {isa = PBXBuildFile; fileRef = B5E6BF0028010F8400877A74 /* LaunchScreen.storyboard */; };
		B5ECC5752807F7A10090B5C5 /* Color.swift in Sources */ = {isa = PBXBuildFile; fileRef = B5ECC5742807F7A10090B5C5 /* Color.swift */; };
/* End PBXBuildFile section */

/* Begin PBXFileReference section */
		B503DBA827FA01FA00B7E901 /* TheMonthlyExpenseTracker.app */ = {isa = PBXFileReference; explicitFileType = wrapper.application; includeInIndex = 0; path = TheMonthlyExpenseTracker.app; sourceTree = BUILT_PRODUCTS_DIR; };
		B503DBAB27FA01FA00B7E901 /* TheMonthlyExpenseTrackerApp.swift */ = {isa = PBXFileReference; lastKnownFileType = sourcecode.swift; path = TheMonthlyExpenseTrackerApp.swift; sourceTree = "<group>"; };
		B503DBAD27FA01FA00B7E901 /* LoginView.swift */ = {isa = PBXFileReference; lastKnownFileType = sourcecode.swift; path = LoginView.swift; sourceTree = "<group>"; };
		B503DBAF27FA01FD00B7E901 /* Assets.xcassets */ = {isa = PBXFileReference; lastKnownFileType = folder.assetcatalog; path = Assets.xcassets; sourceTree = "<group>"; };
		B503DBB227FA01FD00B7E901 /* Preview Assets.xcassets */ = {isa = PBXFileReference; lastKnownFileType = folder.assetcatalog; path = "Preview Assets.xcassets"; sourceTree = "<group>"; };
		B50B517B27FE024700CC3008 /* AccountView.swift */ = {isa = PBXFileReference; lastKnownFileType = sourcecode.swift; path = AccountView.swift; sourceTree = "<group>"; };
		B51A92FD27FE3DEE00E25A1D /* AccountViewModel.swift */ = {isa = PBXFileReference; lastKnownFileType = sourcecode.swift; path = AccountViewModel.swift; sourceTree = "<group>"; };
		B51A92FF27FE3E6200E25A1D /* AccountService.swift */ = {isa = PBXFileReference; lastKnownFileType = sourcecode.swift; path = AccountService.swift; sourceTree = "<group>"; };
		B52CE8F22805271B003764D1 /* KeychainService.swift */ = {isa = PBXFileReference; lastKnownFileType = sourcecode.swift; path = KeychainService.swift; sourceTree = "<group>"; };
		B54CF80327FA4DF500E1039F /* HomeView.swift */ = {isa = PBXFileReference; lastKnownFileType = sourcecode.swift; path = HomeView.swift; sourceTree = "<group>"; };
		B54CF80727FBBBA000E1039F /* UserService.swift */ = {isa = PBXFileReference; lastKnownFileType = sourcecode.swift; path = UserService.swift; sourceTree = "<group>"; };
		B54DCC3127FE9CA20084E355 /* Info.plist */ = {isa = PBXFileReference; lastKnownFileType = text.plist; path = Info.plist; sourceTree = "<group>"; };
		B56DEE8727FFFE20005A1957 /* GlobalFunctions.swift */ = {isa = PBXFileReference; lastKnownFileType = sourcecode.swift; path = GlobalFunctions.swift; sourceTree = "<group>"; };
		B579CB0A280657CB00CE7551 /* Biometric.swift */ = {isa = PBXFileReference; lastKnownFileType = sourcecode.swift; path = Biometric.swift; sourceTree = "<group>"; };
		B587A49D27FDCBF3006DFC6D /* ServiceError.swift */ = {isa = PBXFileReference; lastKnownFileType = sourcecode.swift; path = ServiceError.swift; sourceTree = "<group>"; };
		B587A49F27FDD435006DFC6D /* SetupViewModel.swift */ = {isa = PBXFileReference; lastKnownFileType = sourcecode.swift; path = SetupViewModel.swift; sourceTree = "<group>"; };
		B5B37D4727FFB534006F3C2C /* TransactionView.swift */ = {isa = PBXFileReference; lastKnownFileType = sourcecode.swift; path = TransactionView.swift; sourceTree = "<group>"; };
		B5B37D4927FFB5DA006F3C2C /* TransactionsService.swift */ = {isa = PBXFileReference; lastKnownFileType = sourcecode.swift; path = TransactionsService.swift; sourceTree = "<group>"; };
		B5B37D4B27FFD2AD006F3C2C /* TransactionViewModel.swift */ = {isa = PBXFileReference; lastKnownFileType = sourcecode.swift; path = TransactionViewModel.swift; sourceTree = "<group>"; };
		B5B37D4D27FFD8AB006F3C2C /* TransactionRequest.swift */ = {isa = PBXFileReference; lastKnownFileType = sourcecode.swift; path = TransactionRequest.swift; sourceTree = "<group>"; };
		B5BA356A27FA10630047973D /* UserRequest.swift */ = {isa = PBXFileReference; lastKnownFileType = sourcecode.swift; path = UserRequest.swift; sourceTree = "<group>"; };
		B5BA356F27FA1E400047973D /* AuthenticationViewModel.swift */ = {isa = PBXFileReference; lastKnownFileType = sourcecode.swift; path = AuthenticationViewModel.swift; sourceTree = "<group>"; };
		B5CA9E4E27FC9D210052CCA5 /* Webview.swift */ = {isa = PBXFileReference; lastKnownFileType = sourcecode.swift; path = Webview.swift; sourceTree = "<group>"; };
		B5E6BF0028010F8400877A74 /* LaunchScreen.storyboard */ = {isa = PBXFileReference; lastKnownFileType = file.storyboard; path = LaunchScreen.storyboard; sourceTree = "<group>"; };
		B5ECC5742807F7A10090B5C5 /* Color.swift */ = {isa = PBXFileReference; lastKnownFileType = sourcecode.swift; path = Color.swift; sourceTree = "<group>"; };
/* End PBXFileReference section */

/* Begin PBXFrameworksBuildPhase section */
		B503DBA527FA01FA00B7E901 /* Frameworks */ = {
			isa = PBXFrameworksBuildPhase;
			buildActionMask = 2147483647;
			files = (
				B52CE8F0280526AC003764D1 /* SwiftKeychainWrapper in Frameworks */,
			);
			runOnlyForDeploymentPostprocessing = 0;
		};
/* End PBXFrameworksBuildPhase section */

/* Begin PBXGroup section */
		B503DB9F27FA01FA00B7E901 = {
			isa = PBXGroup;
			children = (
				B503DBAA27FA01FA00B7E901 /* TheMonthlyExpenseTracker */,
				B503DBA927FA01FA00B7E901 /* Products */,
			);
			sourceTree = "<group>";
		};
		B503DBA927FA01FA00B7E901 /* Products */ = {
			isa = PBXGroup;
			children = (
				B503DBA827FA01FA00B7E901 /* TheMonthlyExpenseTracker.app */,
			);
			name = Products;
			sourceTree = "<group>";
		};
		B503DBAA27FA01FA00B7E901 /* TheMonthlyExpenseTracker */ = {
			isa = PBXGroup;
			children = (
				B579CB09280657B100CE7551 /* Biometric */,
				B52CE8F128052708003764D1 /* Service */,
				B56DEE8627FFFDF5005A1957 /* Util */,
				B54DCC3127FE9CA20084E355 /* Info.plist */,
				B587A49C27FDCBC7006DFC6D /* Errors */,
				B54CF80627FBBB7500E1039F /* Api */,
				B54CF80527FB66F300E1039F /* ViewModel */,
				B5BA356C27FA191C0047973D /* Views */,
				B5BA356927FA102A0047973D /* Model */,
				B503DBAB27FA01FA00B7E901 /* TheMonthlyExpenseTrackerApp.swift */,
				B503DBAF27FA01FD00B7E901 /* Assets.xcassets */,
				B503DBB127FA01FD00B7E901 /* Preview Content */,
			);
			path = TheMonthlyExpenseTracker;
			sourceTree = "<group>";
		};
		B503DBB127FA01FD00B7E901 /* Preview Content */ = {
			isa = PBXGroup;
			children = (
				B503DBB227FA01FD00B7E901 /* Preview Assets.xcassets */,
			);
			path = "Preview Content";
			sourceTree = "<group>";
		};
		B52CE8F128052708003764D1 /* Service */ = {
			isa = PBXGroup;
			children = (
				B52CE8F22805271B003764D1 /* KeychainService.swift */,
			);
			path = Service;
			sourceTree = "<group>";
		};
		B54CF80527FB66F300E1039F /* ViewModel */ = {
			isa = PBXGroup;
			children = (
				B5BA356F27FA1E400047973D /* AuthenticationViewModel.swift */,
				B587A49F27FDD435006DFC6D /* SetupViewModel.swift */,
				B51A92FD27FE3DEE00E25A1D /* AccountViewModel.swift */,
				B5B37D4B27FFD2AD006F3C2C /* TransactionViewModel.swift */,
			);
			path = ViewModel;
			sourceTree = "<group>";
		};
		B54CF80627FBBB7500E1039F /* Api */ = {
			isa = PBXGroup;
			children = (
				B54CF80727FBBBA000E1039F /* UserService.swift */,
				B51A92FF27FE3E6200E25A1D /* AccountService.swift */,
				B5B37D4927FFB5DA006F3C2C /* TransactionsService.swift */,
			);
			path = Api;
			sourceTree = "<group>";
		};
		B56DEE8627FFFDF5005A1957 /* Util */ = {
			isa = PBXGroup;
			children = (
				B56DEE8727FFFE20005A1957 /* GlobalFunctions.swift */,
				B5ECC5742807F7A10090B5C5 /* Color.swift */,
			);
			path = Util;
			sourceTree = "<group>";
		};
		B579CB09280657B100CE7551 /* Biometric */ = {
			isa = PBXGroup;
			children = (
				B579CB0A280657CB00CE7551 /* Biometric.swift */,
			);
			path = Biometric;
			sourceTree = "<group>";
		};
		B587A49C27FDCBC7006DFC6D /* Errors */ = {
			isa = PBXGroup;
			children = (
				B587A49D27FDCBF3006DFC6D /* ServiceError.swift */,
			);
			path = Errors;
			sourceTree = "<group>";
		};
		B5BA356927FA102A0047973D /* Model */ = {
			isa = PBXGroup;
			children = (
				B5BA356A27FA10630047973D /* UserRequest.swift */,
				B5B37D4D27FFD8AB006F3C2C /* TransactionRequest.swift */,
			);
			path = Model;
			sourceTree = "<group>";
		};
		B5BA356C27FA191C0047973D /* Views */ = {
			isa = PBXGroup;
			children = (
				B54CF80327FA4DF500E1039F /* HomeView.swift */,
				B503DBAD27FA01FA00B7E901 /* LoginView.swift */,
				B5CA9E4E27FC9D210052CCA5 /* Webview.swift */,
				B50B517B27FE024700CC3008 /* AccountView.swift */,
				B5B37D4727FFB534006F3C2C /* TransactionView.swift */,
				B5E6BF0028010F8400877A74 /* LaunchScreen.storyboard */,
			);
			path = Views;
			sourceTree = "<group>";
		};
/* End PBXGroup section */

/* Begin PBXNativeTarget section */
		B503DBA727FA01FA00B7E901 /* TheMonthlyExpenseTracker */ = {
			isa = PBXNativeTarget;
			buildConfigurationList = B503DBB627FA01FD00B7E901 /* Build configuration list for PBXNativeTarget "TheMonthlyExpenseTracker" */;
			buildPhases = (
				B503DBA427FA01FA00B7E901 /* Sources */,
				B503DBA527FA01FA00B7E901 /* Frameworks */,
				B503DBA627FA01FA00B7E901 /* Resources */,
			);
			buildRules = (
			);
			dependencies = (
			);
			name = TheMonthlyExpenseTracker;
			packageProductDependencies = (
				B52CE8EF280526AC003764D1 /* SwiftKeychainWrapper */,
			);
			productName = TheMonthlyExpenseTracker;
			productReference = B503DBA827FA01FA00B7E901 /* TheMonthlyExpenseTracker.app */;
			productType = "com.apple.product-type.application";
		};
/* End PBXNativeTarget section */

/* Begin PBXProject section */
		B503DBA027FA01FA00B7E901 /* Project object */ = {
			isa = PBXProject;
			attributes = {
				BuildIndependentTargetsInParallel = 1;
				LastSwiftUpdateCheck = 1330;
				LastUpgradeCheck = 1330;
				TargetAttributes = {
					B503DBA727FA01FA00B7E901 = {
						CreatedOnToolsVersion = 13.3;
					};
				};
			};
			buildConfigurationList = B503DBA327FA01FA00B7E901 /* Build configuration list for PBXProject "TheMonthlyExpenseTracker" */;
			compatibilityVersion = "Xcode 13.0";
			developmentRegion = en;
			hasScannedForEncodings = 0;
			knownRegions = (
				en,
				Base,
			);
			mainGroup = B503DB9F27FA01FA00B7E901;
			packageReferences = (
				B52CE8EE280526AC003764D1 /* XCRemoteSwiftPackageReference "SwiftKeychainWrapper" */,
			);
			productRefGroup = B503DBA927FA01FA00B7E901 /* Products */;
			projectDirPath = "";
			projectRoot = "";
			targets = (
				B503DBA727FA01FA00B7E901 /* TheMonthlyExpenseTracker */,
			);
		};
/* End PBXProject section */

/* Begin PBXResourcesBuildPhase section */
		B503DBA627FA01FA00B7E901 /* Resources */ = {
			isa = PBXResourcesBuildPhase;
			buildActionMask = 2147483647;
			files = (
				B5E6BF0128010F8400877A74 /* LaunchScreen.storyboard in Resources */,
				B503DBB327FA01FD00B7E901 /* Preview Assets.xcassets in Resources */,
				B503DBB027FA01FD00B7E901 /* Assets.xcassets in Resources */,
			);
			runOnlyForDeploymentPostprocessing = 0;
		};
/* End PBXResourcesBuildPhase section */

/* Begin PBXSourcesBuildPhase section */
		B503DBA427FA01FA00B7E901 /* Sources */ = {
			isa = PBXSourcesBuildPhase;
			buildActionMask = 2147483647;
			files = (
				B587A49E27FDCBF3006DFC6D /* ServiceError.swift in Sources */,
				B587A4A027FDD435006DFC6D /* SetupViewModel.swift in Sources */,
				B503DBAE27FA01FA00B7E901 /* LoginView.swift in Sources */,
				B5BA357027FA1E400047973D /* AuthenticationViewModel.swift in Sources */,
				B54CF80827FBBBA000E1039F /* UserService.swift in Sources */,
				B52CE8F32805271B003764D1 /* KeychainService.swift in Sources */,
				B5B37D4E27FFD8AB006F3C2C /* TransactionRequest.swift in Sources */,
				B51A92FE27FE3DEE00E25A1D /* AccountViewModel.swift in Sources */,
				B50B517C27FE024700CC3008 /* AccountView.swift in Sources */,
				B5B37D4827FFB534006F3C2C /* TransactionView.swift in Sources */,
				B503DBAC27FA01FA00B7E901 /* TheMonthlyExpenseTrackerApp.swift in Sources */,
				B54CF80427FA4DF500E1039F /* HomeView.swift in Sources */,
				B51A930027FE3E6200E25A1D /* AccountService.swift in Sources */,
				B5ECC5752807F7A10090B5C5 /* Color.swift in Sources */,
				B5BA356B27FA10630047973D /* UserRequest.swift in Sources */,
				B579CB0B280657CB00CE7551 /* Biometric.swift in Sources */,
				B5B37D4A27FFB5DA006F3C2C /* TransactionsService.swift in Sources */,
				B56DEE8827FFFE20005A1957 /* GlobalFunctions.swift in Sources */,
				B5CA9E4F27FC9D210052CCA5 /* Webview.swift in Sources */,
				B5B37D4C27FFD2AD006F3C2C /* TransactionViewModel.swift in Sources */,
			);
			runOnlyForDeploymentPostprocessing = 0;
		};
/* End PBXSourcesBuildPhase section */

/* Begin XCBuildConfiguration section */
		B503DBB427FA01FD00B7E901 /* Debug */ = {
			isa = XCBuildConfiguration;
			buildSettings = {
				ALWAYS_SEARCH_USER_PATHS = NO;
				CLANG_ANALYZER_NONNULL = YES;
				CLANG_ANALYZER_NUMBER_OBJECT_CONVERSION = YES_AGGRESSIVE;
				CLANG_CXX_LANGUAGE_STANDARD = "gnu++17";
				CLANG_ENABLE_MODULES = YES;
				CLANG_ENABLE_OBJC_ARC = YES;
				CLANG_ENABLE_OBJC_WEAK = YES;
				CLANG_WARN_BLOCK_CAPTURE_AUTORELEASING = YES;
				CLANG_WARN_BOOL_CONVERSION = YES;
				CLANG_WARN_COMMA = YES;
				CLANG_WARN_CONSTANT_CONVERSION = YES;
				CLANG_WARN_DEPRECATED_OBJC_IMPLEMENTATIONS = YES;
				CLANG_WARN_DIRECT_OBJC_ISA_USAGE = YES_ERROR;
				CLANG_WARN_DOCUMENTATION_COMMENTS = YES;
				CLANG_WARN_EMPTY_BODY = YES;
				CLANG_WARN_ENUM_CONVERSION = YES;
				CLANG_WARN_INFINITE_RECURSION = YES;
				CLANG_WARN_INT_CONVERSION = YES;
				CLANG_WARN_NON_LITERAL_NULL_CONVERSION = YES;
				CLANG_WARN_OBJC_IMPLICIT_RETAIN_SELF = YES;
				CLANG_WARN_OBJC_LITERAL_CONVERSION = YES;
				CLANG_WARN_OBJC_ROOT_CLASS = YES_ERROR;
				CLANG_WARN_QUOTED_INCLUDE_IN_FRAMEWORK_HEADER = YES;
				CLANG_WARN_RANGE_LOOP_ANALYSIS = YES;
				CLANG_WARN_STRICT_PROTOTYPES = YES;
				CLANG_WARN_SUSPICIOUS_MOVE = YES;
				CLANG_WARN_UNGUARDED_AVAILABILITY = YES_AGGRESSIVE;
				CLANG_WARN_UNREACHABLE_CODE = YES;
				CLANG_WARN__DUPLICATE_METHOD_MATCH = YES;
				COPY_PHASE_STRIP = NO;
				DEBUG_INFORMATION_FORMAT = dwarf;
				ENABLE_STRICT_OBJC_MSGSEND = YES;
				ENABLE_TESTABILITY = YES;
				GCC_C_LANGUAGE_STANDARD = gnu11;
				GCC_DYNAMIC_NO_PIC = NO;
				GCC_NO_COMMON_BLOCKS = YES;
				GCC_OPTIMIZATION_LEVEL = 0;
				GCC_PREPROCESSOR_DEFINITIONS = (
					"DEBUG=1",
					"$(inherited)",
				);
				GCC_WARN_64_TO_32_BIT_CONVERSION = YES;
				GCC_WARN_ABOUT_RETURN_TYPE = YES_ERROR;
				GCC_WARN_UNDECLARED_SELECTOR = YES;
				GCC_WARN_UNINITIALIZED_AUTOS = YES_AGGRESSIVE;
				GCC_WARN_UNUSED_FUNCTION = YES;
				GCC_WARN_UNUSED_VARIABLE = YES;
				IPHONEOS_DEPLOYMENT_TARGET = 15.4;
				MTL_ENABLE_DEBUG_INFO = INCLUDE_SOURCE;
				MTL_FAST_MATH = YES;
				ONLY_ACTIVE_ARCH = YES;
				SDKROOT = iphoneos;
				SWIFT_ACTIVE_COMPILATION_CONDITIONS = DEBUG;
				SWIFT_OPTIMIZATION_LEVEL = "-Onone";
			};
			name = Debug;
		};
		B503DBB527FA01FD00B7E901 /* Release */ = {
			isa = XCBuildConfiguration;
			buildSettings = {
				ALWAYS_SEARCH_USER_PATHS = NO;
				CLANG_ANALYZER_NONNULL = YES;
				CLANG_ANALYZER_NUMBER_OBJECT_CONVERSION = YES_AGGRESSIVE;
				CLANG_CXX_LANGUAGE_STANDARD = "gnu++17";
				CLANG_ENABLE_MODULES = YES;
				CLANG_ENABLE_OBJC_ARC = YES;
				CLANG_ENABLE_OBJC_WEAK = YES;
				CLANG_WARN_BLOCK_CAPTURE_AUTORELEASING = YES;
				CLANG_WARN_BOOL_CONVERSION = YES;
				CLANG_WARN_COMMA = YES;
				CLANG_WARN_CONSTANT_CONVERSION = YES;
				CLANG_WARN_DEPRECATED_OBJC_IMPLEMENTATIONS = YES;
				CLANG_WARN_DIRECT_OBJC_ISA_USAGE = YES_ERROR;
				CLANG_WARN_DOCUMENTATION_COMMENTS = YES;
				CLANG_WARN_EMPTY_BODY = YES;
				CLANG_WARN_ENUM_CONVERSION = YES;
				CLANG_WARN_INFINITE_RECURSION = YES;
				CLANG_WARN_INT_CONVERSION = YES;
				CLANG_WARN_NON_LITERAL_NULL_CONVERSION = YES;
				CLANG_WARN_OBJC_IMPLICIT_RETAIN_SELF = YES;
				CLANG_WARN_OBJC_LITERAL_CONVERSION = YES;
				CLANG_WARN_OBJC_ROOT_CLASS = YES_ERROR;
				CLANG_WARN_QUOTED_INCLUDE_IN_FRAMEWORK_HEADER = YES;
				CLANG_WARN_RANGE_LOOP_ANALYSIS = YES;
				CLANG_WARN_STRICT_PROTOTYPES = YES;
				CLANG_WARN_SUSPICIOUS_MOVE = YES;
				CLANG_WARN_UNGUARDED_AVAILABILITY = YES_AGGRESSIVE;
				CLANG_WARN_UNREACHABLE_CODE = YES;
				CLANG_WARN__DUPLICATE_METHOD_MATCH = YES;
				COPY_PHASE_STRIP = NO;
				DEBUG_INFORMATION_FORMAT = "dwarf-with-dsym";
				ENABLE_NS_ASSERTIONS = NO;
				ENABLE_STRICT_OBJC_MSGSEND = YES;
				GCC_C_LANGUAGE_STANDARD = gnu11;
				GCC_NO_COMMON_BLOCKS = YES;
				GCC_WARN_64_TO_32_BIT_CONVERSION = YES;
				GCC_WARN_ABOUT_RETURN_TYPE = YES_ERROR;
				GCC_WARN_UNDECLARED_SELECTOR = YES;
				GCC_WARN_UNINITIALIZED_AUTOS = YES_AGGRESSIVE;
				GCC_WARN_UNUSED_FUNCTION = YES;
				GCC_WARN_UNUSED_VARIABLE = YES;
				IPHONEOS_DEPLOYMENT_TARGET = 15.4;
				MTL_ENABLE_DEBUG_INFO = NO;
				MTL_FAST_MATH = YES;
				SDKROOT = iphoneos;
				SWIFT_COMPILATION_MODE = wholemodule;
				SWIFT_OPTIMIZATION_LEVEL = "-O";
				VALIDATE_PRODUCT = YES;
			};
			name = Release;
		};
		B503DBB727FA01FD00B7E901 /* Debug */ = {
			isa = XCBuildConfiguration;
			buildSettings = {
				ASSETCATALOG_COMPILER_APPICON_NAME = AppIcon;
				ASSETCATALOG_COMPILER_GLOBAL_ACCENT_COLOR_NAME = AccentColor;
				ASSETCATALOG_COMPILER_INCLUDE_ALL_APPICON_ASSETS = YES;
				CODE_SIGN_STYLE = Automatic;
				CURRENT_PROJECT_VERSION = 1;
				DEVELOPMENT_ASSET_PATHS = "\"TheMonthlyExpenseTracker/Preview Content\"";
				DEVELOPMENT_TEAM = KR4VKBNUX7;
				ENABLE_PREVIEWS = YES;
				GENERATE_INFOPLIST_FILE = YES;
				INFOPLIST_FILE = TheMonthlyExpenseTracker/Info.plist;
				INFOPLIST_KEY_UIApplicationSceneManifest_Generation = YES;
				INFOPLIST_KEY_UIApplicationSupportsIndirectInputEvents = YES;
				INFOPLIST_KEY_UILaunchScreen_Generation = YES;
				INFOPLIST_KEY_UILaunchStoryboardName = LaunchScreen;
				INFOPLIST_KEY_UISupportedInterfaceOrientations = UIInterfaceOrientationPortrait;
				INFOPLIST_KEY_UISupportedInterfaceOrientations_iPad = "UIInterfaceOrientationPortrait UIInterfaceOrientationPortraitUpsideDown UIInterfaceOrientationLandscapeLeft UIInterfaceOrientationLandscapeRight";
				INFOPLIST_KEY_UISupportedInterfaceOrientations_iPhone = "UIInterfaceOrientationPortrait UIInterfaceOrientationLandscapeLeft UIInterfaceOrientationLandscapeRight";
				INFOPLIST_KEY_UIUserInterfaceStyle = Light;
				IPHONEOS_DEPLOYMENT_TARGET = 15.0;
				LD_RUNPATH_SEARCH_PATHS = (
					"$(inherited)",
					"@executable_path/Frameworks",
				);
				MARKETING_VERSION = 1.0;
				PRODUCT_BUNDLE_IDENTIFIER = com.Zulfi.TheMonthlyExpenseTracker;
				PRODUCT_NAME = "$(TARGET_NAME)";
				SWIFT_EMIT_LOC_STRINGS = YES;
				SWIFT_VERSION = 5.0;
				TARGETED_DEVICE_FAMILY = "1,2";
			};
			name = Debug;
		};
		B503DBB827FA01FD00B7E901 /* Release */ = {
			isa = XCBuildConfiguration;
			buildSettings = {
				ASSETCATALOG_COMPILER_APPICON_NAME = AppIcon;
				ASSETCATALOG_COMPILER_GLOBAL_ACCENT_COLOR_NAME = AccentColor;
				ASSETCATALOG_COMPILER_INCLUDE_ALL_APPICON_ASSETS = YES;
				CODE_SIGN_STYLE = Automatic;
				CURRENT_PROJECT_VERSION = 1;
				DEVELOPMENT_ASSET_PATHS = "\"TheMonthlyExpenseTracker/Preview Content\"";
				DEVELOPMENT_TEAM = KR4VKBNUX7;
				ENABLE_PREVIEWS = YES;
				GENERATE_INFOPLIST_FILE = YES;
				INFOPLIST_FILE = TheMonthlyExpenseTracker/Info.plist;
				INFOPLIST_KEY_UIApplicationSceneManifest_Generation = YES;
				INFOPLIST_KEY_UIApplicationSupportsIndirectInputEvents = YES;
				INFOPLIST_KEY_UILaunchScreen_Generation = YES;
				INFOPLIST_KEY_UILaunchStoryboardName = LaunchScreen;
				INFOPLIST_KEY_UISupportedInterfaceOrientations = UIInterfaceOrientationPortrait;
				INFOPLIST_KEY_UISupportedInterfaceOrientations_iPad = "UIInterfaceOrientationPortrait UIInterfaceOrientationPortraitUpsideDown UIInterfaceOrientationLandscapeLeft UIInterfaceOrientationLandscapeRight";
				INFOPLIST_KEY_UISupportedInterfaceOrientations_iPhone = "UIInterfaceOrientationPortrait UIInterfaceOrientationLandscapeLeft UIInterfaceOrientationLandscapeRight";
				IPHONEOS_DEPLOYMENT_TARGET = 15.0;
				LD_RUNPATH_SEARCH_PATHS = (
					"$(inherited)",
					"@executable_path/Frameworks",
				);
				MARKETING_VERSION = 1.0;
				PRODUCT_BUNDLE_IDENTIFIER = com.Zulfi.TheMonthlyExpenseTracker;
				PRODUCT_NAME = "$(TARGET_NAME)";
				SWIFT_EMIT_LOC_STRINGS = YES;
				SWIFT_VERSION = 5.0;
				TARGETED_DEVICE_FAMILY = "1,2";
			};
			name = Release;
		};
/* End XCBuildConfiguration section */

/* Begin XCConfigurationList section */
		B503DBA327FA01FA00B7E901 /* Build configuration list for PBXProject "TheMonthlyExpenseTracker" */ = {
			isa = XCConfigurationList;
			buildConfigurations = (
				B503DBB427FA01FD00B7E901 /* Debug */,
				B503DBB527FA01FD00B7E901 /* Release */,
			);
			defaultConfigurationIsVisible = 0;
			defaultConfigurationName = Release;
		};
		B503DBB627FA01FD00B7E901 /* Build configuration list for PBXNativeTarget "TheMonthlyExpenseTracker" */ = {
			isa = XCConfigurationList;
			buildConfigurations = (
				B503DBB727FA01FD00B7E901 /* Debug */,
				B503DBB827FA01FD00B7E901 /* Release */,
			);
			defaultConfigurationIsVisible = 0;
			defaultConfigurationName = Release;
		};
/* End XCConfigurationList section */

/* Begin XCRemoteSwiftPackageReference section */
		B52CE8EE280526AC003764D1 /* XCRemoteSwiftPackageReference "SwiftKeychainWrapper" */ = {
			isa = XCRemoteSwiftPackageReference;
			repositoryURL = "https://github.com/jrendel/SwiftKeychainWrapper.git";
			requirement = {
				kind = upToNextMajorVersion;
				minimumVersion = 4.0.0;
			};
		};
/* End XCRemoteSwiftPackageReference section */

/* Begin XCSwiftPackageProductDependency section */
		B52CE8EF280526AC003764D1 /* SwiftKeychainWrapper */ = {
			isa = XCSwiftPackageProductDependency;
			package = B52CE8EE280526AC003764D1 /* XCRemoteSwiftPackageReference "SwiftKeychainWrapper" */;
			productName = SwiftKeychainWrapper;
		};
/* End XCSwiftPackageProductDependency section */
	};
	rootObject = B503DBA027FA01FA00B7E901 /* Project object */;
}
